
Microsoft Visual Studio Solution File, Format Version 12.00
# Visual Studio Version 16
VisualStudioVersion = 16.0.29418.71
MinimumVisualStudioVersion = 10.0.40219.1
Project("{FAE04EC0-301F-11D3-BF4B-00C04F79EFBC}") = "13. Roman to Integer", "13. Roman to Integer\13. Roman to Integer.csproj", "{019CA952-4260-4C18-B048-112A281FCF9C}"
EndProject
Global
	GlobalSection(SolutionConfigurationPlatforms) = preSolution
		Debug|Any CPU = Debug|Any CPU
		Release|Any CPU = Release|Any CPU
	EndGlobalSection
	GlobalSection(ProjectConfigurationPlatforms) = postSolution
		{019CA952-4260-4C18-B048-112A281FCF9C}.Debug|Any CPU.ActiveCfg = Debug|Any CPU
		{019CA952-4260-4C18-B048-112A281FCF9C}.Debug|Any CPU.Build.0 = Debug|Any CPU
		{019CA952-4260-4C18-B048-112A281FCF9C}.Release|Any CPU.ActiveCfg = Release|Any CPU
		{019CA952-4260-4C18-B048-112A281FCF9C}.Release|Any CPU.Build.0 = Release|Any CPU
	EndGlobalSection
	GlobalSection(SolutionProperties) = preSolution
		HideSolutionNode = FALSE
	EndGlobalSection
	GlobalSection(ExtensibilityGlobals) = postSolution
		SolutionGuid = {0DC5C355-4C2D-44FA-9F8E-5247024E390A}
	EndGlobalSection
EndGlobal
